SITE
  remote: https://supermarket.getchef.com/api/v1
  specs:
    homebrew (1.10.0)

GIT
  remote: https://github.com/pivotal-sprout/osx
  ref: master
  sha: 70ef029c8b25dbab5be2fb328b987297c05936db
  specs:
    osx (0.1.0)

GIT
  remote: https://github.com/pivotal-sprout/sprout-base
  ref: master
  sha: 9584e55ecc51c9938071eafc2065a530a766fa82
  specs:
    sprout-base (0.1.0)

GIT
  remote: https://github.com/pivotal-sprout/sprout-osx-settings
  ref: master
  sha: 2470797e8997688b731928cc78f48e51c3562803
  specs:
    sprout-osx-settings (0.1.0)
      homebrew (>= 0.0.0)
      osx (>= 0.0.0)
      sprout-base (>= 0.0.0)

DEPENDENCIES
  osx (>= 0)
  sprout-base (>= 0)
  sprout-osx-settings (>= 0)

